
Microsoft Visual Studio Solution File, Format Version 12.00
# Visual Studio Version 17
VisualStudioVersion = 17.11.35327.3
MinimumVisualStudioVersion = 10.0.40219.1
Project("{FAE04EC0-301F-11D3-BF4B-00C04F79EFBC}") = "DoctorAppointment", "DoctorAppointment\DoctorAppointment.csproj", "{5E07B62E-362D-46B3-967B-BBA1A3A8F91A}"
EndProject
Global
	GlobalSection(SolutionConfigurationPlatforms) = preSolution
		Debug|Any CPU = Debug|Any CPU
		Release|Any CPU = Release|Any CPU
	EndGlobalSection
	GlobalSection(ProjectConfigurationPlatforms) = postSolution
		{5E07B62E-362D-46B3-967B-BBA1A3A8F91A}.Debug|Any CPU.ActiveCfg = Debug|Any CPU
		{5E07B62E-362D-46B3-967B-BBA1A3A8F91A}.Debug|Any CPU.Build.0 = Debug|Any CPU
		{5E07B62E-362D-46B3-967B-BBA1A3A8F91A}.Release|Any CPU.ActiveCfg = Release|Any CPU
		{5E07B62E-362D-46B3-967B-BBA1A3A8F91A}.Release|Any CPU.Build.0 = Release|Any CPU
	EndGlobalSection
	GlobalSection(SolutionProperties) = preSolution
		HideSolutionNode = FALSE
	EndGlobalSection
	GlobalSection(ExtensibilityGlobals) = postSolution
		SolutionGuid = {3DB9874C-F38B-4E87-9AC8-A4C4E92C22AC}
	EndGlobalSection
EndGlobal
